
Microsoft Visual Studio Solution File, Format Version 12.00
# Visual Studio 2013
VisualStudioVersion = 12.0.31101.0
MinimumVisualStudioVersion = 10.0.40219.1
Project("{2150E333-8FDC-42A3-9474-1A3956D46DE8}") = "Shared", "Shared", "{57EC0CAF-562A-4E50-BFE0-86827AC9BBAE}"
	ProjectSection(SolutionItems) = preProject
		CommonAssemblyInfo.cs = CommonAssemblyInfo.cs
	EndProjectSection
EndProject
Project("{2150E333-8FDC-42A3-9474-1A3956D46DE8}") = "Player", "Player", "{7F718340-FF62-4A17-8497-4A58AE6873F6}"
EndProject
Project("{2150E333-8FDC-42A3-9474-1A3956D46DE8}") = "Browser", "Browser", "{251D4074-DD7A-48C7-8BA8-04D437DFA098}"
EndProject
Project("{2150E333-8FDC-42A3-9474-1A3956D46DE8}") = "Analytics", "Analytics", "{C20B5743-9ED0-442E-A936-49A2C3280B0A}"
EndProject
Project("{2150E333-8FDC-42A3-9474-1A3956D46DE8}") = "Modules", "Modules", "{9014435F-F56D-4405-B05F-9EDE65BED944}"
EndProject
Project("{2150E333-8FDC-42A3-9474-1A3956D46DE8}") = "Modules", "Modules", "{F76A0826-655A-4EF7-BA15-F6BBE1EA6AA0}"
EndProject
Project("{2150E333-8FDC-42A3-9474-1A3956D46DE8}") = "Modules", "Modules", "{2D46534F-4644-4995-A711-3593994314F9}"
EndProject
Project("{FAE04EC0-301F-11D3-BF4B-00C04F79EFBC}") = "Bloom.Analytics", "Bloom.Analytics\Bloom.Analytics.csproj", "{60D1372A-14F8-4059-A0DD-7E0D261C0EBF}"
EndProject
Project("{FAE04EC0-301F-11D3-BF4B-00C04F79EFBC}") = "Bloom.Browser", "Bloom.Browser\Bloom.Browser.csproj", "{5D677A24-0936-4FF7-9997-8377053041FE}"
EndProject
Project("{FAE04EC0-301F-11D3-BF4B-00C04F79EFBC}") = "Bloom.Player", "Bloom.Player\Bloom.Player.csproj", "{60B6DB64-B62C-4A1E-88AD-F0BA7AC3A448}"
EndProject
Project("{FAE04EC0-301F-11D3-BF4B-00C04F79EFBC}") = "Bloom.Common", "Bloom.Common\Bloom.Common.csproj", "{C1F2C1F6-6873-483E-B452-F19D4778AC10}"
EndProject
Project("{FAE04EC0-301F-11D3-BF4B-00C04F79EFBC}") = "Bloom.Domain", "Bloom.Domain\Bloom.Domain.csproj", "{0BDE8FD5-458C-4141-BCF6-E76A67E26771}"
EndProject
Project("{FAE04EC0-301F-11D3-BF4B-00C04F79EFBC}") = "Bloom.Data", "Bloom.Data\Bloom.Data.csproj", "{5904468A-1DF3-400F-BF35-E975C2CA9F6B}"
EndProject
Project("{FAE04EC0-301F-11D3-BF4B-00C04F79EFBC}") = "Bloom.Resources", "Bloom.Resources\Bloom.Resources.csproj", "{8D643812-F61A-41E0-BDE1-B81B3BD80794}"
EndProject
Project("{FAE04EC0-301F-11D3-BF4B-00C04F79EFBC}") = "Bloom.Services", "Bloom.Services\Bloom.Services.csproj", "{B14EDEA5-4480-49CA-9A2C-7F38946F7D5E}"
EndProject
Project("{FAE04EC0-301F-11D3-BF4B-00C04F79EFBC}") = "Bloom.Browser.Menu", "Bloom.Browser.Menu\Bloom.Browser.Menu.csproj", "{AF3C8883-0666-4244-BC71-F23D6E5585DB}"
EndProject
Project("{FAE04EC0-301F-11D3-BF4B-00C04F79EFBC}") = "Bloom.Analytics.Menu", "Bloom.Analytics.Menu\Bloom.Analytics.Menu.csproj", "{0026EA94-0F63-44F1-AA1E-A67988935F17}"
EndProject
Project("{FAE04EC0-301F-11D3-BF4B-00C04F79EFBC}") = "Bloom.Player.Menu", "Bloom.Player.Menu\Bloom.Player.Menu.csproj", "{FBD9F5A9-4CC2-4A28-A13F-5643A9C8914F}"
EndProject
Project("{FAE04EC0-301F-11D3-BF4B-00C04F79EFBC}") = "Bloom.Controls", "Bloom.Controls\Bloom.Controls.csproj", "{525FAACE-2C85-44FC-8A08-3674FB57D996}"
EndProject
Project("{2150E333-8FDC-42A3-9474-1A3956D46DE8}") = "Modules", "Modules", "{C7EDF224-02A4-4A92-AA84-490C17D240DE}"
EndProject
Project("{FAE04EC0-301F-11D3-BF4B-00C04F79EFBC}") = "Bloom.Taxonomies", "Bloom.Taxonomies\Bloom.Taxonomies.csproj", "{25D7ACF0-F4BF-41BA-A751-4CF0B8C79144}"
EndProject
Project("{FAE04EC0-301F-11D3-BF4B-00C04F79EFBC}") = "Bloom.PubSubEvents", "Bloom.PubSubEvents\Bloom.PubSubEvents.csproj", "{A455CC8A-5CFF-4855-B268-AA94A7C37C3F}"
EndProject
Project("{FAE04EC0-301F-11D3-BF4B-00C04F79EFBC}") = "Bloom.Browser.Library", "Bloom.Browser.Library\Bloom.Browser.Library.csproj", "{ABEB129D-326A-472A-9933-66BABB45A2B5}"
EndProject
Project("{FAE04EC0-301F-11D3-BF4B-00C04F79EFBC}") = "Bloom.Analytics.Library", "Bloom.Analytics.Library\Bloom.Analytics.Library.csproj", "{F2A36480-9F8C-408D-BAF1-DC3F11A98EAB}"
EndProject
Project("{FAE04EC0-301F-11D3-BF4B-00C04F79EFBC}") = "Bloom.Browser.Artist", "Bloom.Browser.Artist\Bloom.Browser.Artist.csproj", "{BBA3A40B-A876-4018-BEF2-A6B1187BC20B}"
EndProject
Project("{FAE04EC0-301F-11D3-BF4B-00C04F79EFBC}") = "Bloom.Browser.Person", "Bloom.Browser.Person\Bloom.Browser.Person.csproj", "{A890B4AE-D0D6-444C-977B-09424D997E81}"
EndProject
Project("{FAE04EC0-301F-11D3-BF4B-00C04F79EFBC}") = "Bloom.Browser.Album", "Bloom.Browser.Album\Bloom.Browser.Album.csproj", "{989B378D-56FC-4E33-B37C-6D53D925E97B}"
EndProject
Project("{FAE04EC0-301F-11D3-BF4B-00C04F79EFBC}") = "Bloom.Browser.Song", "Bloom.Browser.Song\Bloom.Browser.Song.csproj", "{1CBC7DC6-159E-4F9C-9A5E-4B25AFA757F5}"
EndProject
Project("{FAE04EC0-301F-11D3-BF4B-00C04F79EFBC}") = "Bloom.Browser.Playlist", "Bloom.Browser.Playlist\Bloom.Browser.Playlist.csproj", "{01D0A7A3-D469-43EF-B049-F519193C2514}"
EndProject
Project("{FAE04EC0-301F-11D3-BF4B-00C04F79EFBC}") = "Bloom.Player.Upcoming", "Bloom.Player.Upcoming\Bloom.Player.Upcoming.csproj", "{35A90143-62CB-4383-A4CA-3D62EEFCD30F}"
EndProject
Project("{FAE04EC0-301F-11D3-BF4B-00C04F79EFBC}") = "Bloom.Player.Playing", "Bloom.Player.Playing\Bloom.Player.Playing.csproj", "{145ED76C-790B-4577-9415-B535479F307B}"
EndProject
Project("{FAE04EC0-301F-11D3-BF4B-00C04F79EFBC}") = "Bloom.Player.Recent", "Bloom.Player.Recent\Bloom.Player.Recent.csproj", "{48480E58-3EBC-4EFC-955A-2970AE41A9B5}"
EndProject
Project("{FAE04EC0-301F-11D3-BF4B-00C04F79EFBC}") = "Bloom.Player.Volume", "Bloom.Player.Volume\Bloom.Player.Volume.csproj", "{4B4DA9E0-BAE1-43D4-91E3-DC34E88EB142}"
EndProject
Project("{FAE04EC0-301F-11D3-BF4B-00C04F79EFBC}") = "Bloom.Player.Visuals", "Bloom.Player.Visuals\Bloom.Player.Visuals.csproj", "{6062A28F-6F28-4B8C-B9B1-3F1A82D12E47}"
EndProject
Project("{FAE04EC0-301F-11D3-BF4B-00C04F79EFBC}") = "Bloom.Analytics.Album", "Bloom.Analytics.Album\Bloom.Analytics.Album.csproj", "{C5C81AC6-6479-49EA-B24B-0C09A152291C}"
EndProject
Project("{FAE04EC0-301F-11D3-BF4B-00C04F79EFBC}") = "Bloom.Analytics.Artist", "Bloom.Analytics.Artist\Bloom.Analytics.Artist.csproj", "{610F519D-44EF-4568-A449-0F317664559A}"
EndProject
Project("{FAE04EC0-301F-11D3-BF4B-00C04F79EFBC}") = "Bloom.Analytics.Person", "Bloom.Analytics.Person\Bloom.Analytics.Person.csproj", "{2928ED60-32DC-4182-910F-344E3C89D466}"
EndProject
Project("{FAE04EC0-301F-11D3-BF4B-00C04F79EFBC}") = "Bloom.Analytics.Playlist", "Bloom.Analytics.Playlist\Bloom.Analytics.Playlist.csproj", "{833CB199-A684-408B-953D-0B03ED0B63D8}"
EndProject
Project("{FAE04EC0-301F-11D3-BF4B-00C04F79EFBC}") = "Bloom.Analytics.Song", "Bloom.Analytics.Song\Bloom.Analytics.Song.csproj", "{2EAE4C79-A3AE-4053-81BF-5369F0197F8A}"
EndProject
Project("{FAE04EC0-301F-11D3-BF4B-00C04F79EFBC}") = "Bloom.State", "Bloom.State\Bloom.State.csproj", "{A9F245F4-DCD7-4BAA-A611-A5AB39B36AD2}"
EndProject
Project("{FAE04EC0-301F-11D3-BF4B-00C04F79EFBC}") = "Bloom.State.Data", "Bloom.State.Data\Bloom.State.Data.csproj", "{059176F6-BECE-46D8-B160-02EF5D897559}"
EndProject
Project("{FAE04EC0-301F-11D3-BF4B-00C04F79EFBC}") = "Bloom.State.Domain", "Bloom.State.Domain\Bloom.State.Domain.csproj", "{A624637B-4221-4DC3-963F-2BD02F618B77}"
EndProject
Global
	GlobalSection(SolutionConfigurationPlatforms) = preSolution
		Debug|Any CPU = Debug|Any CPU
		Release|Any CPU = Release|Any CPU
	EndGlobalSection
	GlobalSection(ProjectConfigurationPlatforms) = postSolution
		{60D1372A-14F8-4059-A0DD-7E0D261C0EBF}.Debug|Any CPU.ActiveCfg = Debug|Any CPU
		{60D1372A-14F8-4059-A0DD-7E0D261C0EBF}.Debug|Any CPU.Build.0 = Debug|Any CPU
		{60D1372A-14F8-4059-A0DD-7E0D261C0EBF}.Release|Any CPU.ActiveCfg = Release|Any CPU
		{60D1372A-14F8-4059-A0DD-7E0D261C0EBF}.Release|Any CPU.Build.0 = Release|Any CPU
		{5D677A24-0936-4FF7-9997-8377053041FE}.Debug|Any CPU.ActiveCfg = Debug|Any CPU
		{5D677A24-0936-4FF7-9997-8377053041FE}.Debug|Any CPU.Build.0 = Debug|Any CPU
		{5D677A24-0936-4FF7-9997-8377053041FE}.Release|Any CPU.ActiveCfg = Release|Any CPU
		{5D677A24-0936-4FF7-9997-8377053041FE}.Release|Any CPU.Build.0 = Release|Any CPU
		{60B6DB64-B62C-4A1E-88AD-F0BA7AC3A448}.Debug|Any CPU.ActiveCfg = Debug|Any CPU
		{60B6DB64-B62C-4A1E-88AD-F0BA7AC3A448}.Debug|Any CPU.Build.0 = Debug|Any CPU
		{60B6DB64-B62C-4A1E-88AD-F0BA7AC3A448}.Release|Any CPU.ActiveCfg = Release|Any CPU
		{60B6DB64-B62C-4A1E-88AD-F0BA7AC3A448}.Release|Any CPU.Build.0 = Release|Any CPU
		{C1F2C1F6-6873-483E-B452-F19D4778AC10}.Debug|Any CPU.ActiveCfg = Debug|Any CPU
		{C1F2C1F6-6873-483E-B452-F19D4778AC10}.Debug|Any CPU.Build.0 = Debug|Any CPU
		{C1F2C1F6-6873-483E-B452-F19D4778AC10}.Release|Any CPU.ActiveCfg = Release|Any CPU
		{C1F2C1F6-6873-483E-B452-F19D4778AC10}.Release|Any CPU.Build.0 = Release|Any CPU
		{0BDE8FD5-458C-4141-BCF6-E76A67E26771}.Debug|Any CPU.ActiveCfg = Debug|Any CPU
		{0BDE8FD5-458C-4141-BCF6-E76A67E26771}.Debug|Any CPU.Build.0 = Debug|Any CPU
		{0BDE8FD5-458C-4141-BCF6-E76A67E26771}.Release|Any CPU.ActiveCfg = Release|Any CPU
		{0BDE8FD5-458C-4141-BCF6-E76A67E26771}.Release|Any CPU.Build.0 = Release|Any CPU
		{5904468A-1DF3-400F-BF35-E975C2CA9F6B}.Debug|Any CPU.ActiveCfg = Debug|Any CPU
		{5904468A-1DF3-400F-BF35-E975C2CA9F6B}.Debug|Any CPU.Build.0 = Debug|Any CPU
		{5904468A-1DF3-400F-BF35-E975C2CA9F6B}.Release|Any CPU.ActiveCfg = Release|Any CPU
		{5904468A-1DF3-400F-BF35-E975C2CA9F6B}.Release|Any CPU.Build.0 = Release|Any CPU
		{8D643812-F61A-41E0-BDE1-B81B3BD80794}.Debug|Any CPU.ActiveCfg = Debug|Any CPU
		{8D643812-F61A-41E0-BDE1-B81B3BD80794}.Debug|Any CPU.Build.0 = Debug|Any CPU
		{8D643812-F61A-41E0-BDE1-B81B3BD80794}.Release|Any CPU.ActiveCfg = Release|Any CPU
		{8D643812-F61A-41E0-BDE1-B81B3BD80794}.Release|Any CPU.Build.0 = Release|Any CPU
		{B14EDEA5-4480-49CA-9A2C-7F38946F7D5E}.Debug|Any CPU.ActiveCfg = Debug|Any CPU
		{B14EDEA5-4480-49CA-9A2C-7F38946F7D5E}.Debug|Any CPU.Build.0 = Debug|Any CPU
		{B14EDEA5-4480-49CA-9A2C-7F38946F7D5E}.Release|Any CPU.ActiveCfg = Release|Any CPU
		{B14EDEA5-4480-49CA-9A2C-7F38946F7D5E}.Release|Any CPU.Build.0 = Release|Any CPU
		{AF3C8883-0666-4244-BC71-F23D6E5585DB}.Debug|Any CPU.ActiveCfg = Debug|Any CPU
		{AF3C8883-0666-4244-BC71-F23D6E5585DB}.Debug|Any CPU.Build.0 = Debug|Any CPU
		{AF3C8883-0666-4244-BC71-F23D6E5585DB}.Release|Any CPU.ActiveCfg = Release|Any CPU
		{AF3C8883-0666-4244-BC71-F23D6E5585DB}.Release|Any CPU.Build.0 = Release|Any CPU
		{0026EA94-0F63-44F1-AA1E-A67988935F17}.Debug|Any CPU.ActiveCfg = Debug|Any CPU
		{0026EA94-0F63-44F1-AA1E-A67988935F17}.Debug|Any CPU.Build.0 = Debug|Any CPU
		{0026EA94-0F63-44F1-AA1E-A67988935F17}.Release|Any CPU.ActiveCfg = Release|Any CPU
		{0026EA94-0F63-44F1-AA1E-A67988935F17}.Release|Any CPU.Build.0 = Release|Any CPU
		{FBD9F5A9-4CC2-4A28-A13F-5643A9C8914F}.Debug|Any CPU.ActiveCfg = Debug|Any CPU
		{FBD9F5A9-4CC2-4A28-A13F-5643A9C8914F}.Debug|Any CPU.Build.0 = Debug|Any CPU
		{FBD9F5A9-4CC2-4A28-A13F-5643A9C8914F}.Release|Any CPU.ActiveCfg = Release|Any CPU
		{FBD9F5A9-4CC2-4A28-A13F-5643A9C8914F}.Release|Any CPU.Build.0 = Release|Any CPU
		{525FAACE-2C85-44FC-8A08-3674FB57D996}.Debug|Any CPU.ActiveCfg = Debug|Any CPU
		{525FAACE-2C85-44FC-8A08-3674FB57D996}.Debug|Any CPU.Build.0 = Debug|Any CPU
		{525FAACE-2C85-44FC-8A08-3674FB57D996}.Release|Any CPU.ActiveCfg = Release|Any CPU
		{525FAACE-2C85-44FC-8A08-3674FB57D996}.Release|Any CPU.Build.0 = Release|Any CPU
		{25D7ACF0-F4BF-41BA-A751-4CF0B8C79144}.Debug|Any CPU.ActiveCfg = Debug|Any CPU
		{25D7ACF0-F4BF-41BA-A751-4CF0B8C79144}.Debug|Any CPU.Build.0 = Debug|Any CPU
		{25D7ACF0-F4BF-41BA-A751-4CF0B8C79144}.Release|Any CPU.ActiveCfg = Release|Any CPU
		{25D7ACF0-F4BF-41BA-A751-4CF0B8C79144}.Release|Any CPU.Build.0 = Release|Any CPU
		{A455CC8A-5CFF-4855-B268-AA94A7C37C3F}.Debug|Any CPU.ActiveCfg = Debug|Any CPU
		{A455CC8A-5CFF-4855-B268-AA94A7C37C3F}.Debug|Any CPU.Build.0 = Debug|Any CPU
		{A455CC8A-5CFF-4855-B268-AA94A7C37C3F}.Release|Any CPU.ActiveCfg = Release|Any CPU
		{A455CC8A-5CFF-4855-B268-AA94A7C37C3F}.Release|Any CPU.Build.0 = Release|Any CPU
		{ABEB129D-326A-472A-9933-66BABB45A2B5}.Debug|Any CPU.ActiveCfg = Debug|Any CPU
		{ABEB129D-326A-472A-9933-66BABB45A2B5}.Debug|Any CPU.Build.0 = Debug|Any CPU
		{ABEB129D-326A-472A-9933-66BABB45A2B5}.Release|Any CPU.ActiveCfg = Release|Any CPU
		{ABEB129D-326A-472A-9933-66BABB45A2B5}.Release|Any CPU.Build.0 = Release|Any CPU
		{F2A36480-9F8C-408D-BAF1-DC3F11A98EAB}.Debug|Any CPU.ActiveCfg = Debug|Any CPU
		{F2A36480-9F8C-408D-BAF1-DC3F11A98EAB}.Debug|Any CPU.Build.0 = Debug|Any CPU
		{F2A36480-9F8C-408D-BAF1-DC3F11A98EAB}.Release|Any CPU.ActiveCfg = Release|Any CPU
		{F2A36480-9F8C-408D-BAF1-DC3F11A98EAB}.Release|Any CPU.Build.0 = Release|Any CPU
		{BBA3A40B-A876-4018-BEF2-A6B1187BC20B}.Debug|Any CPU.ActiveCfg = Debug|Any CPU
		{BBA3A40B-A876-4018-BEF2-A6B1187BC20B}.Debug|Any CPU.Build.0 = Debug|Any CPU
		{BBA3A40B-A876-4018-BEF2-A6B1187BC20B}.Release|Any CPU.ActiveCfg = Release|Any CPU
		{BBA3A40B-A876-4018-BEF2-A6B1187BC20B}.Release|Any CPU.Build.0 = Release|Any CPU
		{A890B4AE-D0D6-444C-977B-09424D997E81}.Debug|Any CPU.ActiveCfg = Debug|Any CPU
		{A890B4AE-D0D6-444C-977B-09424D997E81}.Debug|Any CPU.Build.0 = Debug|Any CPU
		{A890B4AE-D0D6-444C-977B-09424D997E81}.Release|Any CPU.ActiveCfg = Release|Any CPU
		{A890B4AE-D0D6-444C-977B-09424D997E81}.Release|Any CPU.Build.0 = Release|Any CPU
		{989B378D-56FC-4E33-B37C-6D53D925E97B}.Debug|Any CPU.ActiveCfg = Debug|Any CPU
		{989B378D-56FC-4E33-B37C-6D53D925E97B}.Debug|Any CPU.Build.0 = Debug|Any CPU
		{989B378D-56FC-4E33-B37C-6D53D925E97B}.Release|Any CPU.ActiveCfg = Release|Any CPU
		{989B378D-56FC-4E33-B37C-6D53D925E97B}.Release|Any CPU.Build.0 = Release|Any CPU
		{1CBC7DC6-159E-4F9C-9A5E-4B25AFA757F5}.Debug|Any CPU.ActiveCfg = Debug|Any CPU
		{1CBC7DC6-159E-4F9C-9A5E-4B25AFA757F5}.Debug|Any CPU.Build.0 = Debug|Any CPU
		{1CBC7DC6-159E-4F9C-9A5E-4B25AFA757F5}.Release|Any CPU.ActiveCfg = Release|Any CPU
		{1CBC7DC6-159E-4F9C-9A5E-4B25AFA757F5}.Release|Any CPU.Build.0 = Release|Any CPU
		{01D0A7A3-D469-43EF-B049-F519193C2514}.Debug|Any CPU.ActiveCfg = Debug|Any CPU
		{01D0A7A3-D469-43EF-B049-F519193C2514}.Debug|Any CPU.Build.0 = Debug|Any CPU
		{01D0A7A3-D469-43EF-B049-F519193C2514}.Release|Any CPU.ActiveCfg = Release|Any CPU
		{01D0A7A3-D469-43EF-B049-F519193C2514}.Release|Any CPU.Build.0 = Release|Any CPU
		{35A90143-62CB-4383-A4CA-3D62EEFCD30F}.Debug|Any CPU.ActiveCfg = Debug|Any CPU
		{35A90143-62CB-4383-A4CA-3D62EEFCD30F}.Debug|Any CPU.Build.0 = Debug|Any CPU
		{35A90143-62CB-4383-A4CA-3D62EEFCD30F}.Release|Any CPU.ActiveCfg = Release|Any CPU
		{35A90143-62CB-4383-A4CA-3D62EEFCD30F}.Release|Any CPU.Build.0 = Release|Any CPU
		{145ED76C-790B-4577-9415-B535479F307B}.Debug|Any CPU.ActiveCfg = Debug|Any CPU
		{145ED76C-790B-4577-9415-B535479F307B}.Debug|Any CPU.Build.0 = Debug|Any CPU
		{145ED76C-790B-4577-9415-B535479F307B}.Release|Any CPU.ActiveCfg = Release|Any CPU
		{145ED76C-790B-4577-9415-B535479F307B}.Release|Any CPU.Build.0 = Release|Any CPU
		{48480E58-3EBC-4EFC-955A-2970AE41A9B5}.Debug|Any CPU.ActiveCfg = Debug|Any CPU
		{48480E58-3EBC-4EFC-955A-2970AE41A9B5}.Debug|Any CPU.Build.0 = Debug|Any CPU
		{48480E58-3EBC-4EFC-955A-2970AE41A9B5}.Release|Any CPU.ActiveCfg = Release|Any CPU
		{48480E58-3EBC-4EFC-955A-2970AE41A9B5}.Release|Any CPU.Build.0 = Release|Any CPU
		{4B4DA9E0-BAE1-43D4-91E3-DC34E88EB142}.Debug|Any CPU.ActiveCfg = Debug|Any CPU
		{4B4DA9E0-BAE1-43D4-91E3-DC34E88EB142}.Debug|Any CPU.Build.0 = Debug|Any CPU
		{4B4DA9E0-BAE1-43D4-91E3-DC34E88EB142}.Release|Any CPU.ActiveCfg = Release|Any CPU
		{4B4DA9E0-BAE1-43D4-91E3-DC34E88EB142}.Release|Any CPU.Build.0 = Release|Any CPU
		{6062A28F-6F28-4B8C-B9B1-3F1A82D12E47}.Debug|Any CPU.ActiveCfg = Debug|Any CPU
		{6062A28F-6F28-4B8C-B9B1-3F1A82D12E47}.Debug|Any CPU.Build.0 = Debug|Any CPU
		{6062A28F-6F28-4B8C-B9B1-3F1A82D12E47}.Release|Any CPU.ActiveCfg = Release|Any CPU
		{6062A28F-6F28-4B8C-B9B1-3F1A82D12E47}.Release|Any CPU.Build.0 = Release|Any CPU
		{C5C81AC6-6479-49EA-B24B-0C09A152291C}.Debug|Any CPU.ActiveCfg = Debug|Any CPU
		{C5C81AC6-6479-49EA-B24B-0C09A152291C}.Debug|Any CPU.Build.0 = Debug|Any CPU
		{C5C81AC6-6479-49EA-B24B-0C09A152291C}.Release|Any CPU.ActiveCfg = Release|Any CPU
		{C5C81AC6-6479-49EA-B24B-0C09A152291C}.Release|Any CPU.Build.0 = Release|Any CPU
		{610F519D-44EF-4568-A449-0F317664559A}.Debug|Any CPU.ActiveCfg = Debug|Any CPU
		{610F519D-44EF-4568-A449-0F317664559A}.Debug|Any CPU.Build.0 = Debug|Any CPU
		{610F519D-44EF-4568-A449-0F317664559A}.Release|Any CPU.ActiveCfg = Release|Any CPU
		{610F519D-44EF-4568-A449-0F317664559A}.Release|Any CPU.Build.0 = Release|Any CPU
		{2928ED60-32DC-4182-910F-344E3C89D466}.Debug|Any CPU.ActiveCfg = Debug|Any CPU
		{2928ED60-32DC-4182-910F-344E3C89D466}.Debug|Any CPU.Build.0 = Debug|Any CPU
		{2928ED60-32DC-4182-910F-344E3C89D466}.Release|Any CPU.ActiveCfg = Release|Any CPU
		{2928ED60-32DC-4182-910F-344E3C89D466}.Release|Any CPU.Build.0 = Release|Any CPU
		{833CB199-A684-408B-953D-0B03ED0B63D8}.Debug|Any CPU.ActiveCfg = Debug|Any CPU
		{833CB199-A684-408B-953D-0B03ED0B63D8}.Debug|Any CPU.Build.0 = Debug|Any CPU
		{833CB199-A684-408B-953D-0B03ED0B63D8}.Release|Any CPU.ActiveCfg = Release|Any CPU
		{833CB199-A684-408B-953D-0B03ED0B63D8}.Release|Any CPU.Build.0 = Release|Any CPU
		{2EAE4C79-A3AE-4053-81BF-5369F0197F8A}.Debug|Any CPU.ActiveCfg = Debug|Any CPU
		{2EAE4C79-A3AE-4053-81BF-5369F0197F8A}.Debug|Any CPU.Build.0 = Debug|Any CPU
		{2EAE4C79-A3AE-4053-81BF-5369F0197F8A}.Release|Any CPU.ActiveCfg = Release|Any CPU
		{2EAE4C79-A3AE-4053-81BF-5369F0197F8A}.Release|Any CPU.Build.0 = Release|Any CPU
		{A9F245F4-DCD7-4BAA-A611-A5AB39B36AD2}.Debug|Any CPU.ActiveCfg = Debug|Any CPU
		{A9F245F4-DCD7-4BAA-A611-A5AB39B36AD2}.Debug|Any CPU.Build.0 = Debug|Any CPU
		{A9F245F4-DCD7-4BAA-A611-A5AB39B36AD2}.Release|Any CPU.ActiveCfg = Release|Any CPU
		{A9F245F4-DCD7-4BAA-A611-A5AB39B36AD2}.Release|Any CPU.Build.0 = Release|Any CPU
		{059176F6-BECE-46D8-B160-02EF5D897559}.Debug|Any CPU.ActiveCfg = Debug|Any CPU
		{059176F6-BECE-46D8-B160-02EF5D897559}.Debug|Any CPU.Build.0 = Debug|Any CPU
		{059176F6-BECE-46D8-B160-02EF5D897559}.Release|Any CPU.ActiveCfg = Release|Any CPU
		{059176F6-BECE-46D8-B160-02EF5D897559}.Release|Any CPU.Build.0 = Release|Any CPU
		{A624637B-4221-4DC3-963F-2BD02F618B77}.Debug|Any CPU.ActiveCfg = Debug|Any CPU
		{A624637B-4221-4DC3-963F-2BD02F618B77}.Debug|Any CPU.Build.0 = Debug|Any CPU
		{A624637B-4221-4DC3-963F-2BD02F618B77}.Release|Any CPU.ActiveCfg = Release|Any CPU
		{A624637B-4221-4DC3-963F-2BD02F618B77}.Release|Any CPU.Build.0 = Release|Any CPU
	EndGlobalSection
	GlobalSection(SolutionProperties) = preSolution
		HideSolutionNode = FALSE
	EndGlobalSection
	GlobalSection(NestedProjects) = preSolution
		{9014435F-F56D-4405-B05F-9EDE65BED944} = {C20B5743-9ED0-442E-A936-49A2C3280B0A}
		{F76A0826-655A-4EF7-BA15-F6BBE1EA6AA0} = {251D4074-DD7A-48C7-8BA8-04D437DFA098}
		{2D46534F-4644-4995-A711-3593994314F9} = {7F718340-FF62-4A17-8497-4A58AE6873F6}
		{60D1372A-14F8-4059-A0DD-7E0D261C0EBF} = {C20B5743-9ED0-442E-A936-49A2C3280B0A}
		{5D677A24-0936-4FF7-9997-8377053041FE} = {251D4074-DD7A-48C7-8BA8-04D437DFA098}
		{60B6DB64-B62C-4A1E-88AD-F0BA7AC3A448} = {7F718340-FF62-4A17-8497-4A58AE6873F6}
		{C1F2C1F6-6873-483E-B452-F19D4778AC10} = {57EC0CAF-562A-4E50-BFE0-86827AC9BBAE}
		{0BDE8FD5-458C-4141-BCF6-E76A67E26771} = {57EC0CAF-562A-4E50-BFE0-86827AC9BBAE}
		{5904468A-1DF3-400F-BF35-E975C2CA9F6B} = {57EC0CAF-562A-4E50-BFE0-86827AC9BBAE}
		{8D643812-F61A-41E0-BDE1-B81B3BD80794} = {57EC0CAF-562A-4E50-BFE0-86827AC9BBAE}
		{B14EDEA5-4480-49CA-9A2C-7F38946F7D5E} = {57EC0CAF-562A-4E50-BFE0-86827AC9BBAE}
		{AF3C8883-0666-4244-BC71-F23D6E5585DB} = {F76A0826-655A-4EF7-BA15-F6BBE1EA6AA0}
		{0026EA94-0F63-44F1-AA1E-A67988935F17} = {9014435F-F56D-4405-B05F-9EDE65BED944}
		{FBD9F5A9-4CC2-4A28-A13F-5643A9C8914F} = {2D46534F-4644-4995-A711-3593994314F9}
		{525FAACE-2C85-44FC-8A08-3674FB57D996} = {57EC0CAF-562A-4E50-BFE0-86827AC9BBAE}
		{C7EDF224-02A4-4A92-AA84-490C17D240DE} = {57EC0CAF-562A-4E50-BFE0-86827AC9BBAE}
		{25D7ACF0-F4BF-41BA-A751-4CF0B8C79144} = {C7EDF224-02A4-4A92-AA84-490C17D240DE}
		{A455CC8A-5CFF-4855-B268-AA94A7C37C3F} = {57EC0CAF-562A-4E50-BFE0-86827AC9BBAE}
		{ABEB129D-326A-472A-9933-66BABB45A2B5} = {F76A0826-655A-4EF7-BA15-F6BBE1EA6AA0}
		{F2A36480-9F8C-408D-BAF1-DC3F11A98EAB} = {9014435F-F56D-4405-B05F-9EDE65BED944}
		{BBA3A40B-A876-4018-BEF2-A6B1187BC20B} = {F76A0826-655A-4EF7-BA15-F6BBE1EA6AA0}
		{A890B4AE-D0D6-444C-977B-09424D997E81} = {F76A0826-655A-4EF7-BA15-F6BBE1EA6AA0}
		{989B378D-56FC-4E33-B37C-6D53D925E97B} = {F76A0826-655A-4EF7-BA15-F6BBE1EA6AA0}
		{1CBC7DC6-159E-4F9C-9A5E-4B25AFA757F5} = {F76A0826-655A-4EF7-BA15-F6BBE1EA6AA0}
		{01D0A7A3-D469-43EF-B049-F519193C2514} = {F76A0826-655A-4EF7-BA15-F6BBE1EA6AA0}
		{35A90143-62CB-4383-A4CA-3D62EEFCD30F} = {2D46534F-4644-4995-A711-3593994314F9}
		{145ED76C-790B-4577-9415-B535479F307B} = {2D46534F-4644-4995-A711-3593994314F9}
		{48480E58-3EBC-4EFC-955A-2970AE41A9B5} = {2D46534F-4644-4995-A711-3593994314F9}
		{4B4DA9E0-BAE1-43D4-91E3-DC34E88EB142} = {2D46534F-4644-4995-A711-3593994314F9}
		{6062A28F-6F28-4B8C-B9B1-3F1A82D12E47} = {2D46534F-4644-4995-A711-3593994314F9}
		{C5C81AC6-6479-49EA-B24B-0C09A152291C} = {9014435F-F56D-4405-B05F-9EDE65BED944}
		{610F519D-44EF-4568-A449-0F317664559A} = {9014435F-F56D-4405-B05F-9EDE65BED944}
		{2928ED60-32DC-4182-910F-344E3C89D466} = {9014435F-F56D-4405-B05F-9EDE65BED944}
		{833CB199-A684-408B-953D-0B03ED0B63D8} = {9014435F-F56D-4405-B05F-9EDE65BED944}
		{2EAE4C79-A3AE-4053-81BF-5369F0197F8A} = {9014435F-F56D-4405-B05F-9EDE65BED944}
		{A9F245F4-DCD7-4BAA-A611-A5AB39B36AD2} = {57EC0CAF-562A-4E50-BFE0-86827AC9BBAE}
		{059176F6-BECE-46D8-B160-02EF5D897559} = {57EC0CAF-562A-4E50-BFE0-86827AC9BBAE}
		{A624637B-4221-4DC3-963F-2BD02F618B77} = {57EC0CAF-562A-4E50-BFE0-86827AC9BBAE}
	EndGlobalSection
EndGlobal
