
Microsoft Visual Studio Solution File, Format Version 12.00
# Visual Studio 2013
VisualStudioVersion = 12.0.31101.0
MinimumVisualStudioVersion = 10.0.40219.1
Project("{2150E333-8FDC-42A3-9474-1A3956D46DE8}") = "Shared", "Shared", "{57EC0CAF-562A-4E50-BFE0-86827AC9BBAE}"
	ProjectSection(SolutionItems) = preProject
		CommonAssemblyInfo.cs = CommonAssemblyInfo.cs
	EndProjectSection
EndProject
Project("{2150E333-8FDC-42A3-9474-1A3956D46DE8}") = "Player", "Player", "{7F718340-FF62-4A17-8497-4A58AE6873F6}"
EndProject
Project("{2150E333-8FDC-42A3-9474-1A3956D46DE8}") = "Browser", "Browser", "{251D4074-DD7A-48C7-8BA8-04D437DFA098}"
EndProject
Project("{2150E333-8FDC-42A3-9474-1A3956D46DE8}") = "Analytics", "Analytics", "{C20B5743-9ED0-442E-A936-49A2C3280B0A}"
EndProject
Project("{2150E333-8FDC-42A3-9474-1A3956D46DE8}") = "Modules", "Modules", "{9014435F-F56D-4405-B05F-9EDE65BED944}"
EndProject
Project("{2150E333-8FDC-42A3-9474-1A3956D46DE8}") = "Modules", "Modules", "{F76A0826-655A-4EF7-BA15-F6BBE1EA6AA0}"
EndProject
Project("{2150E333-8FDC-42A3-9474-1A3956D46DE8}") = "Modules", "Modules", "{2D46534F-4644-4995-A711-3593994314F9}"
EndProject
Project("{FAE04EC0-301F-11D3-BF4B-00C04F79EFBC}") = "Bloom.Analytics", "Bloom.Analytics\Bloom.Analytics.csproj", "{60D1372A-14F8-4059-A0DD-7E0D261C0EBF}"
EndProject
Project("{FAE04EC0-301F-11D3-BF4B-00C04F79EFBC}") = "Bloom.Browser", "Bloom.Browser\Bloom.Browser.csproj", "{5D677A24-0936-4FF7-9997-8377053041FE}"
EndProject
Project("{FAE04EC0-301F-11D3-BF4B-00C04F79EFBC}") = "Bloom.Player", "Bloom.Player\Bloom.Player.csproj", "{60B6DB64-B62C-4A1E-88AD-F0BA7AC3A448}"
EndProject
Project("{FAE04EC0-301F-11D3-BF4B-00C04F79EFBC}") = "Bloom.Common", "Bloom.Common\Bloom.Common.csproj", "{C1F2C1F6-6873-483E-B452-F19D4778AC10}"
EndProject
Project("{FAE04EC0-301F-11D3-BF4B-00C04F79EFBC}") = "Bloom.Domain", "Bloom.Domain\Bloom.Domain.csproj", "{0BDE8FD5-458C-4141-BCF6-E76A67E26771}"
EndProject
Project("{FAE04EC0-301F-11D3-BF4B-00C04F79EFBC}") = "Bloom.Data", "Bloom.Data\Bloom.Data.csproj", "{5904468A-1DF3-400F-BF35-E975C2CA9F6B}"
EndProject
Project("{FAE04EC0-301F-11D3-BF4B-00C04F79EFBC}") = "Bloom.Resources", "Bloom.Resources\Bloom.Resources.csproj", "{8D643812-F61A-41E0-BDE1-B81B3BD80794}"
EndProject
Project("{FAE04EC0-301F-11D3-BF4B-00C04F79EFBC}") = "Bloom.Services", "Bloom.Services\Bloom.Services.csproj", "{B14EDEA5-4480-49CA-9A2C-7F38946F7D5E}"
EndProject
Project("{FAE04EC0-301F-11D3-BF4B-00C04F79EFBC}") = "Bloom.Browser.Menu", "Bloom.Browser.Menu\Bloom.Browser.Menu.csproj", "{AF3C8883-0666-4244-BC71-F23D6E5585DB}"
EndProject
Project("{FAE04EC0-301F-11D3-BF4B-00C04F79EFBC}") = "Bloom.Analytics.Menu", "Bloom.Analytics.Menu\Bloom.Analytics.Menu.csproj", "{0026EA94-0F63-44F1-AA1E-A67988935F17}"
EndProject
Project("{FAE04EC0-301F-11D3-BF4B-00C04F79EFBC}") = "Bloom.Player.Menu", "Bloom.Player.Menu\Bloom.Player.Menu.csproj", "{FBD9F5A9-4CC2-4A28-A13F-5643A9C8914F}"
EndProject
Project("{FAE04EC0-301F-11D3-BF4B-00C04F79EFBC}") = "Bloom.Browser.Common", "Bloom.Browser.Shared\Bloom.Browser.Common.csproj", "{D1B7AD4E-C328-4AED-A6E5-9B3E95DEC56B}"
EndProject
Project("{FAE04EC0-301F-11D3-BF4B-00C04F79EFBC}") = "Bloom.Controls", "Bloom.Controls\Bloom.Controls.csproj", "{525FAACE-2C85-44FC-8A08-3674FB57D996}"
EndProject
Project("{FAE04EC0-301F-11D3-BF4B-00C04F79EFBC}") = "Bloom.Analytics.Common", "Bloom.Analytics.Common\Bloom.Analytics.Common.csproj", "{270AF0BA-649A-42A7-99C1-5C4A9FAC1299}"
EndProject
Project("{FAE04EC0-301F-11D3-BF4B-00C04F79EFBC}") = "Bloom.Player.Common", "Bloom.Player.Common\Bloom.Player.Common.csproj", "{E224EFFA-5B5F-4ED9-84ED-63DB59623E3B}"
EndProject
Project("{2150E333-8FDC-42A3-9474-1A3956D46DE8}") = "Modules", "Modules", "{C7EDF224-02A4-4A92-AA84-490C17D240DE}"
EndProject
Project("{FAE04EC0-301F-11D3-BF4B-00C04F79EFBC}") = "Bloom.Taxonomies", "Bloom.Taxonomies\Bloom.Taxonomies.csproj", "{25D7ACF0-F4BF-41BA-A751-4CF0B8C79144}"
EndProject
Project("{FAE04EC0-301F-11D3-BF4B-00C04F79EFBC}") = "Bloom.PubSubEvents", "Bloom.PubSubEvents\Bloom.PubSubEvents.csproj", "{A455CC8A-5CFF-4855-B268-AA94A7C37C3F}"
EndProject
Global
	GlobalSection(SolutionConfigurationPlatforms) = preSolution
		Debug|Any CPU = Debug|Any CPU
		Release|Any CPU = Release|Any CPU
	EndGlobalSection
	GlobalSection(ProjectConfigurationPlatforms) = postSolution
		{60D1372A-14F8-4059-A0DD-7E0D261C0EBF}.Debug|Any CPU.ActiveCfg = Debug|Any CPU
		{60D1372A-14F8-4059-A0DD-7E0D261C0EBF}.Debug|Any CPU.Build.0 = Debug|Any CPU
		{60D1372A-14F8-4059-A0DD-7E0D261C0EBF}.Release|Any CPU.ActiveCfg = Release|Any CPU
		{60D1372A-14F8-4059-A0DD-7E0D261C0EBF}.Release|Any CPU.Build.0 = Release|Any CPU
		{5D677A24-0936-4FF7-9997-8377053041FE}.Debug|Any CPU.ActiveCfg = Debug|Any CPU
		{5D677A24-0936-4FF7-9997-8377053041FE}.Debug|Any CPU.Build.0 = Debug|Any CPU
		{5D677A24-0936-4FF7-9997-8377053041FE}.Release|Any CPU.ActiveCfg = Release|Any CPU
		{5D677A24-0936-4FF7-9997-8377053041FE}.Release|Any CPU.Build.0 = Release|Any CPU
		{60B6DB64-B62C-4A1E-88AD-F0BA7AC3A448}.Debug|Any CPU.ActiveCfg = Debug|Any CPU
		{60B6DB64-B62C-4A1E-88AD-F0BA7AC3A448}.Debug|Any CPU.Build.0 = Debug|Any CPU
		{60B6DB64-B62C-4A1E-88AD-F0BA7AC3A448}.Release|Any CPU.ActiveCfg = Release|Any CPU
		{60B6DB64-B62C-4A1E-88AD-F0BA7AC3A448}.Release|Any CPU.Build.0 = Release|Any CPU
		{C1F2C1F6-6873-483E-B452-F19D4778AC10}.Debug|Any CPU.ActiveCfg = Debug|Any CPU
		{C1F2C1F6-6873-483E-B452-F19D4778AC10}.Debug|Any CPU.Build.0 = Debug|Any CPU
		{C1F2C1F6-6873-483E-B452-F19D4778AC10}.Release|Any CPU.ActiveCfg = Release|Any CPU
		{C1F2C1F6-6873-483E-B452-F19D4778AC10}.Release|Any CPU.Build.0 = Release|Any CPU
		{0BDE8FD5-458C-4141-BCF6-E76A67E26771}.Debug|Any CPU.ActiveCfg = Debug|Any CPU
		{0BDE8FD5-458C-4141-BCF6-E76A67E26771}.Debug|Any CPU.Build.0 = Debug|Any CPU
		{0BDE8FD5-458C-4141-BCF6-E76A67E26771}.Release|Any CPU.ActiveCfg = Release|Any CPU
		{0BDE8FD5-458C-4141-BCF6-E76A67E26771}.Release|Any CPU.Build.0 = Release|Any CPU
		{5904468A-1DF3-400F-BF35-E975C2CA9F6B}.Debug|Any CPU.ActiveCfg = Debug|Any CPU
		{5904468A-1DF3-400F-BF35-E975C2CA9F6B}.Debug|Any CPU.Build.0 = Debug|Any CPU
		{5904468A-1DF3-400F-BF35-E975C2CA9F6B}.Release|Any CPU.ActiveCfg = Release|Any CPU
		{5904468A-1DF3-400F-BF35-E975C2CA9F6B}.Release|Any CPU.Build.0 = Release|Any CPU
		{8D643812-F61A-41E0-BDE1-B81B3BD80794}.Debug|Any CPU.ActiveCfg = Debug|Any CPU
		{8D643812-F61A-41E0-BDE1-B81B3BD80794}.Debug|Any CPU.Build.0 = Debug|Any CPU
		{8D643812-F61A-41E0-BDE1-B81B3BD80794}.Release|Any CPU.ActiveCfg = Release|Any CPU
		{8D643812-F61A-41E0-BDE1-B81B3BD80794}.Release|Any CPU.Build.0 = Release|Any CPU
		{B14EDEA5-4480-49CA-9A2C-7F38946F7D5E}.Debug|Any CPU.ActiveCfg = Debug|Any CPU
		{B14EDEA5-4480-49CA-9A2C-7F38946F7D5E}.Debug|Any CPU.Build.0 = Debug|Any CPU
		{B14EDEA5-4480-49CA-9A2C-7F38946F7D5E}.Release|Any CPU.ActiveCfg = Release|Any CPU
		{B14EDEA5-4480-49CA-9A2C-7F38946F7D5E}.Release|Any CPU.Build.0 = Release|Any CPU
		{AF3C8883-0666-4244-BC71-F23D6E5585DB}.Debug|Any CPU.ActiveCfg = Debug|Any CPU
		{AF3C8883-0666-4244-BC71-F23D6E5585DB}.Debug|Any CPU.Build.0 = Debug|Any CPU
		{AF3C8883-0666-4244-BC71-F23D6E5585DB}.Release|Any CPU.ActiveCfg = Release|Any CPU
		{AF3C8883-0666-4244-BC71-F23D6E5585DB}.Release|Any CPU.Build.0 = Release|Any CPU
		{0026EA94-0F63-44F1-AA1E-A67988935F17}.Debug|Any CPU.ActiveCfg = Debug|Any CPU
		{0026EA94-0F63-44F1-AA1E-A67988935F17}.Debug|Any CPU.Build.0 = Debug|Any CPU
		{0026EA94-0F63-44F1-AA1E-A67988935F17}.Release|Any CPU.ActiveCfg = Release|Any CPU
		{0026EA94-0F63-44F1-AA1E-A67988935F17}.Release|Any CPU.Build.0 = Release|Any CPU
		{FBD9F5A9-4CC2-4A28-A13F-5643A9C8914F}.Debug|Any CPU.ActiveCfg = Debug|Any CPU
		{FBD9F5A9-4CC2-4A28-A13F-5643A9C8914F}.Debug|Any CPU.Build.0 = Debug|Any CPU
		{FBD9F5A9-4CC2-4A28-A13F-5643A9C8914F}.Release|Any CPU.ActiveCfg = Release|Any CPU
		{FBD9F5A9-4CC2-4A28-A13F-5643A9C8914F}.Release|Any CPU.Build.0 = Release|Any CPU
		{D1B7AD4E-C328-4AED-A6E5-9B3E95DEC56B}.Debug|Any CPU.ActiveCfg = Debug|Any CPU
		{D1B7AD4E-C328-4AED-A6E5-9B3E95DEC56B}.Debug|Any CPU.Build.0 = Debug|Any CPU
		{D1B7AD4E-C328-4AED-A6E5-9B3E95DEC56B}.Release|Any CPU.ActiveCfg = Release|Any CPU
		{D1B7AD4E-C328-4AED-A6E5-9B3E95DEC56B}.Release|Any CPU.Build.0 = Release|Any CPU
		{525FAACE-2C85-44FC-8A08-3674FB57D996}.Debug|Any CPU.ActiveCfg = Debug|Any CPU
		{525FAACE-2C85-44FC-8A08-3674FB57D996}.Debug|Any CPU.Build.0 = Debug|Any CPU
		{525FAACE-2C85-44FC-8A08-3674FB57D996}.Release|Any CPU.ActiveCfg = Release|Any CPU
		{525FAACE-2C85-44FC-8A08-3674FB57D996}.Release|Any CPU.Build.0 = Release|Any CPU
		{270AF0BA-649A-42A7-99C1-5C4A9FAC1299}.Debug|Any CPU.ActiveCfg = Debug|Any CPU
		{270AF0BA-649A-42A7-99C1-5C4A9FAC1299}.Debug|Any CPU.Build.0 = Debug|Any CPU
		{270AF0BA-649A-42A7-99C1-5C4A9FAC1299}.Release|Any CPU.ActiveCfg = Release|Any CPU
		{270AF0BA-649A-42A7-99C1-5C4A9FAC1299}.Release|Any CPU.Build.0 = Release|Any CPU
		{E224EFFA-5B5F-4ED9-84ED-63DB59623E3B}.Debug|Any CPU.ActiveCfg = Debug|Any CPU
		{E224EFFA-5B5F-4ED9-84ED-63DB59623E3B}.Debug|Any CPU.Build.0 = Debug|Any CPU
		{E224EFFA-5B5F-4ED9-84ED-63DB59623E3B}.Release|Any CPU.ActiveCfg = Release|Any CPU
		{E224EFFA-5B5F-4ED9-84ED-63DB59623E3B}.Release|Any CPU.Build.0 = Release|Any CPU
		{25D7ACF0-F4BF-41BA-A751-4CF0B8C79144}.Debug|Any CPU.ActiveCfg = Debug|Any CPU
		{25D7ACF0-F4BF-41BA-A751-4CF0B8C79144}.Debug|Any CPU.Build.0 = Debug|Any CPU
		{25D7ACF0-F4BF-41BA-A751-4CF0B8C79144}.Release|Any CPU.ActiveCfg = Release|Any CPU
		{25D7ACF0-F4BF-41BA-A751-4CF0B8C79144}.Release|Any CPU.Build.0 = Release|Any CPU
		{A455CC8A-5CFF-4855-B268-AA94A7C37C3F}.Debug|Any CPU.ActiveCfg = Debug|Any CPU
		{A455CC8A-5CFF-4855-B268-AA94A7C37C3F}.Debug|Any CPU.Build.0 = Debug|Any CPU
		{A455CC8A-5CFF-4855-B268-AA94A7C37C3F}.Release|Any CPU.ActiveCfg = Release|Any CPU
		{A455CC8A-5CFF-4855-B268-AA94A7C37C3F}.Release|Any CPU.Build.0 = Release|Any CPU
	EndGlobalSection
	GlobalSection(SolutionProperties) = preSolution
		HideSolutionNode = FALSE
	EndGlobalSection
	GlobalSection(NestedProjects) = preSolution
		{9014435F-F56D-4405-B05F-9EDE65BED944} = {C20B5743-9ED0-442E-A936-49A2C3280B0A}
		{F76A0826-655A-4EF7-BA15-F6BBE1EA6AA0} = {251D4074-DD7A-48C7-8BA8-04D437DFA098}
		{2D46534F-4644-4995-A711-3593994314F9} = {7F718340-FF62-4A17-8497-4A58AE6873F6}
		{60D1372A-14F8-4059-A0DD-7E0D261C0EBF} = {C20B5743-9ED0-442E-A936-49A2C3280B0A}
		{5D677A24-0936-4FF7-9997-8377053041FE} = {251D4074-DD7A-48C7-8BA8-04D437DFA098}
		{60B6DB64-B62C-4A1E-88AD-F0BA7AC3A448} = {7F718340-FF62-4A17-8497-4A58AE6873F6}
		{C1F2C1F6-6873-483E-B452-F19D4778AC10} = {57EC0CAF-562A-4E50-BFE0-86827AC9BBAE}
		{0BDE8FD5-458C-4141-BCF6-E76A67E26771} = {57EC0CAF-562A-4E50-BFE0-86827AC9BBAE}
		{5904468A-1DF3-400F-BF35-E975C2CA9F6B} = {57EC0CAF-562A-4E50-BFE0-86827AC9BBAE}
		{8D643812-F61A-41E0-BDE1-B81B3BD80794} = {57EC0CAF-562A-4E50-BFE0-86827AC9BBAE}
		{B14EDEA5-4480-49CA-9A2C-7F38946F7D5E} = {57EC0CAF-562A-4E50-BFE0-86827AC9BBAE}
		{AF3C8883-0666-4244-BC71-F23D6E5585DB} = {F76A0826-655A-4EF7-BA15-F6BBE1EA6AA0}
		{0026EA94-0F63-44F1-AA1E-A67988935F17} = {9014435F-F56D-4405-B05F-9EDE65BED944}
		{FBD9F5A9-4CC2-4A28-A13F-5643A9C8914F} = {2D46534F-4644-4995-A711-3593994314F9}
		{D1B7AD4E-C328-4AED-A6E5-9B3E95DEC56B} = {251D4074-DD7A-48C7-8BA8-04D437DFA098}
		{525FAACE-2C85-44FC-8A08-3674FB57D996} = {57EC0CAF-562A-4E50-BFE0-86827AC9BBAE}
		{270AF0BA-649A-42A7-99C1-5C4A9FAC1299} = {C20B5743-9ED0-442E-A936-49A2C3280B0A}
		{E224EFFA-5B5F-4ED9-84ED-63DB59623E3B} = {7F718340-FF62-4A17-8497-4A58AE6873F6}
		{C7EDF224-02A4-4A92-AA84-490C17D240DE} = {57EC0CAF-562A-4E50-BFE0-86827AC9BBAE}
		{25D7ACF0-F4BF-41BA-A751-4CF0B8C79144} = {C7EDF224-02A4-4A92-AA84-490C17D240DE}
		{A455CC8A-5CFF-4855-B268-AA94A7C37C3F} = {57EC0CAF-562A-4E50-BFE0-86827AC9BBAE}
	EndGlobalSection
EndGlobal
